
Microsoft Visual Studio Solution File, Format Version 12.00
# Visual Studio Version 17
VisualStudioVersion = 17.14.35821.62
MinimumVisualStudioVersion = 10.0.40219.1
Project("{FAE04EC0-301F-11D3-BF4B-00C04F79EFBC}") = "MouseHookTestApp", "hooks_app\MouseHookTestApp.csproj", "{D47164BC-8E76-4455-BB8D-7A87019FA5B3}"
EndProject
Project("{FAE04EC0-301F-11D3-BF4B-00C04F79EFBC}") = "MouseHookLib", "MouseHookLib\MouseHookLib.csproj", "{D21295D4-7A94-4759-B584-AA494DDA4012}"
EndProject
Project("{FAE04EC0-301F-11D3-BF4B-00C04F79EFBC}") = "MouseHookInjector", "MouseHookInjector\MouseHookInjector.csproj", "{8B84F06D-149A-4A9F-B589-D3F04EEBE71A}"
EndProject
Global
	GlobalSection(SolutionConfigurationPlatforms) = preSolution
		Debug|Any CPU = Debug|Any CPU
		Release|Any CPU = Release|Any CPU
	EndGlobalSection
	GlobalSection(ProjectConfigurationPlatforms) = postSolution
		{D47164BC-8E76-4455-BB8D-7A87019FA5B3}.Debug|Any CPU.ActiveCfg = Debug|Any CPU
		{D47164BC-8E76-4455-BB8D-7A87019FA5B3}.Debug|Any CPU.Build.0 = Debug|Any CPU
		{D47164BC-8E76-4455-BB8D-7A87019FA5B3}.Release|Any CPU.ActiveCfg = Release|Any CPU
		{D47164BC-8E76-4455-BB8D-7A87019FA5B3}.Release|Any CPU.Build.0 = Release|Any CPU
		{D21295D4-7A94-4759-B584-AA494DDA4012}.Debug|Any CPU.ActiveCfg = Debug|Any CPU
		{D21295D4-7A94-4759-B584-AA494DDA4012}.Debug|Any CPU.Build.0 = Debug|Any CPU
		{D21295D4-7A94-4759-B584-AA494DDA4012}.Release|Any CPU.ActiveCfg = Release|Any CPU
		{D21295D4-7A94-4759-B584-AA494DDA4012}.Release|Any CPU.Build.0 = Release|Any CPU
		{8B84F06D-149A-4A9F-B589-D3F04EEBE71A}.Debug|Any CPU.ActiveCfg = Debug|Any CPU
		{8B84F06D-149A-4A9F-B589-D3F04EEBE71A}.Debug|Any CPU.Build.0 = Debug|Any CPU
		{8B84F06D-149A-4A9F-B589-D3F04EEBE71A}.Release|Any CPU.ActiveCfg = Release|Any CPU
		{8B84F06D-149A-4A9F-B589-D3F04EEBE71A}.Release|Any CPU.Build.0 = Release|Any CPU
	EndGlobalSection
	GlobalSection(SolutionProperties) = preSolution
		HideSolutionNode = FALSE
	EndGlobalSection
	GlobalSection(ExtensibilityGlobals) = postSolution
		SolutionGuid = {D94A04D7-8FEC-47E4-83C5-81A665D32AD6}
	EndGlobalSection
EndGlobal
